<?xml version="1.0" encoding="utf-8"?>
<Project ToolsVersion="4.0" xmlns="http://schemas.microsoft.com/developer/msbuild/2003">
  <ItemGroup>
    <Filter Include="Source Files">
      <UniqueIdentifier>{4FC737F1-C7A5-4376-A066-2A32D752A2FF}</UniqueIdentifier>
      <Extensions>cpp;c;cc;cxx;c++;cppm;ixx;def;odl;idl;hpj;bat;asm;asmx</Extensions>
    </Filter>
    <Filter Include="Header Files">
      <UniqueIdentifier>{93995380-89BD-4b04-88EB-625FBE52EBFB}</UniqueIdentifier>
      <Extensions>h;hh;hpp;hxx;h++;hm;inl;inc;ipp;xsd</Extensions>
    </Filter>
    <Filter Include="Resource Files">
      <UniqueIdentifier>{67DA6AB6-F800-4c08-8B7A-83BB121AAD01}</UniqueIdentifier>
      <Extensions>rc;ico;cur;bmp;dlg;rc2;rct;bin;rgs;gif;jpg;jpeg;jpe;resx;tiff;tif;png;wav;mfcribbon-ms</Extensions>
    </Filter>
  </ItemGroup>
  <ItemGroup>
    <ClCompile Include="main.cpp">
      <Filter>Source Files</Filter>
    </ClCompile>
    <ClCompile Include="sandwich_maker.cpp">
      <Filter>Source Files</Filter>
    </ClCompile>
    <ClCompile Include="oven.cpp">
      <Filter>Source Files</Filter>
    </ClCompile>
    <ClCompile Include="client.cpp">
      <Filter>Source Files</Filter>
    </ClCompile>
    <ClCompile Include="device.cpp">
      <Filter>Source Files</Filter>
    </ClCompile>
    <ClCompile Include="coffee_pot.cpp">
      <Filter>Source Files</Filter>
    </ClCompile>
    <ClCompile Include="product.cpp">
      <Filter>Source Files</Filter>
    </ClCompile>
    <ClCompile Include="order.cpp">
      <Filter>Source Files</Filter>
    </ClCompile>
    <ClCompile Include="cafe.cpp">
      <Filter>Source Files</Filter>
    </ClCompile>
    <ClCompile Include="time_manager.cpp">
      <Filter>Source Files</Filter>
    </ClCompile>
    <ClCompile Include="stats.cpp">
      <Filter>Source Files</Filter>
    </ClCompile>
    <ClCompile Include="simulator.cpp">
      <Filter>Source Files</Filter>
    </ClCompile>
    <ClCompile Include="coffee.cpp">
      <Filter>Source Files</Filter>
    </ClCompile>
    <ClCompile Include="sandwich.cpp">
      <Filter>Source Files</Filter>
    </ClCompile>
    <ClCompile Include="cookie.cpp">
      <Filter>Source Files</Filter>
    </ClCompile>
  </ItemGroup>
  <ItemGroup>
    <ClInclude Include="device.h">
      <Filter>Header Files</Filter>
    </ClInclude>
    <ClInclude Include="coffee_pot.h">
      <Filter>Header Files</Filter>
    </ClInclude>
    <ClInclude Include="order.h">
      <Filter>Header Files</Filter>
    </ClInclude>
    <ClInclude Include="product.h">
      <Filter>Header Files</Filter>
    </ClInclude>
    <ClInclude Include="sandwich_maker.h">
      <Filter>Header Files</Filter>
    </ClInclude>
    <ClInclude Include="oven.h">
      <Filter>Header Files</Filter>
    </ClInclude>
    <ClInclude Include="client.h">
      <Filter>Header Files</Filter>
    </ClInclude>
    <ClInclude Include="cafe.h">
      <Filter>Header Files</Filter>
    </ClInclude>
    <ClInclude Include="time_manager.h">
      <Filter>Header Files</Filter>
    </ClInclude>
    <ClInclude Include="stats.h">
      <Filter>Header Files</Filter>
    </ClInclude>
    <ClInclude Include="simulator.h">
      <Filter>Header Files</Filter>
    </ClInclude>
    <ClInclude Include="coffee.h">
      <Filter>Header Files</Filter>
    </ClInclude>
    <ClInclude Include="sandwich.h">
      <Filter>Header Files</Filter>
    </ClInclude>
    <ClInclude Include="cookie.h">
      <Filter>Header Files</Filter>
    </ClInclude>
  </ItemGroup>
</Project>